// !$*UTF8*$!
{
	archiveVersion = 1;
	classes = {
	};
	objectVersion = 50;
	objects = {

/* Begin PBXBuildFile section */
		347C371B24840CAF00139736 /* AppDelegate.swift in Sources */ = {isa = PBXBuildFile; fileRef = 347C371A24840CAF00139736 /* AppDelegate.swift */; };
		347C371D24840CAF00139736 /* SceneDelegate.swift in Sources */ = {isa = PBXBuildFile; fileRef = 347C371C24840CAF00139736 /* SceneDelegate.swift */; };
		347C371F24840CAF00139736 /* ViewController.swift in Sources */ = {isa = PBXBuildFile; fileRef = 347C371E24840CAF00139736 /* ViewController.swift */; };
		347C372224840CAF00139736 /* Main.storyboard in Resources */ = {isa = PBXBuildFile; fileRef = 347C372024840CAF00139736 /* Main.storyboard */; };
		347C372524840CAF00139736 /* ostagram_v1.xcdatamodeld in Sources */ = {isa = PBXBuildFile; fileRef = 347C372324840CAF00139736 /* ostagram_v1.xcdatamodeld */; };
		347C372724840CB100139736 /* Assets.xcassets in Resources */ = {isa = PBXBuildFile; fileRef = 347C372624840CB100139736 /* Assets.xcassets */; };
		347C372A24840CB100139736 /* LaunchScreen.storyboard in Resources */ = {isa = PBXBuildFile; fileRef = 347C372824840CB100139736 /* LaunchScreen.storyboard */; };
		347C373524840CB200139736 /* ostagram_v1Tests.swift in Sources */ = {isa = PBXBuildFile; fileRef = 347C373424840CB200139736 /* ostagram_v1Tests.swift */; };
		347C374024840CB200139736 /* ostagram_v1UITests.swift in Sources */ = {isa = PBXBuildFile; fileRef = 347C373F24840CB200139736 /* ostagram_v1UITests.swift */; };
/* End PBXBuildFile section */

/* Begin PBXContainerItemProxy section */
		347C373124840CB200139736 /* PBXContainerItemProxy */ = {
			isa = PBXContainerItemProxy;
			containerPortal = 347C370F24840CAF00139736 /* Project object */;
			proxyType = 1;
			remoteGlobalIDString = 347C371624840CAF00139736;
			remoteInfo = ostagram_v1;
		};
		347C373C24840CB200139736 /* PBXContainerItemProxy */ = {
			isa = PBXContainerItemProxy;
			containerPortal = 347C370F24840CAF00139736 /* Project object */;
			proxyType = 1;
			remoteGlobalIDString = 347C371624840CAF00139736;
			remoteInfo = ostagram_v1;
		};
/* End PBXContainerItemProxy section */

/* Begin PBXFileReference section */
		347C371724840CAF00139736 /* ostagram_v1.app */ = {isa = PBXFileReference; explicitFileType = wrapper.application; includeInIndex = 0; path = ostagram_v1.app; sourceTree = BUILT_PRODUCTS_DIR; };
		347C371A24840CAF00139736 /* AppDelegate.swift */ = {isa = PBXFileReference; lastKnownFileType = sourcecode.swift; path = AppDelegate.swift; sourceTree = "<group>"; };
		347C371C24840CAF00139736 /* SceneDelegate.swift */ = {isa = PBXFileReference; lastKnownFileType = sourcecode.swift; path = SceneDelegate.swift; sourceTree = "<group>"; };
		347C371E24840CAF00139736 /* ViewController.swift */ = {isa = PBXFileReference; lastKnownFileType = sourcecode.swift; path = ViewController.swift; sourceTree = "<group>"; };
		347C372124840CAF00139736 /* Base */ = {isa = PBXFileReference; lastKnownFileType = file.storyboard; name = Base; path = Base.lproj/Main.storyboard; sourceTree = "<group>"; };
		347C372424840CAF00139736 /* ostagram_v1.xcdatamodel */ = {isa = PBXFileReference; lastKnownFileType = wrapper.xcdatamodel; path = ostagram_v1.xcdatamodel; sourceTree = "<group>"; };
		347C372624840CB100139736 /* Assets.xcassets */ = {isa = PBXFileReference; lastKnownFileType = folder.assetcatalog; path = Assets.xcassets; sourceTree = "<group>"; };
		347C372924840CB100139736 /* Base */ = {isa = PBXFileReference; lastKnownFileType = file.storyboard; name = Base; path = Base.lproj/LaunchScreen.storyboard; sourceTree = "<group>"; };
		347C372B24840CB100139736 /* Info.plist */ = {isa = PBXFileReference; lastKnownFileType = text.plist.xml; path = Info.plist; sourceTree = "<group>"; };
		347C373024840CB200139736 /* ostagram_v1Tests.xctest */ = {isa = PBXFileReference; explicitFileType = wrapper.cfbundle; includeInIndex = 0; path = ostagram_v1Tests.xctest; sourceTree = BUILT_PRODUCTS_DIR; };
		347C373424840CB200139736 /* ostagram_v1Tests.swift */ = {isa = PBXFileReference; lastKnownFileType = sourcecode.swift; path = ostagram_v1Tests.swift; sourceTree = "<group>"; };
		347C373624840CB200139736 /* Info.plist */ = {isa = PBXFileReference; lastKnownFileType = text.plist.xml; path = Info.plist; sourceTree = "<group>"; };
		347C373B24840CB200139736 /* ostagram_v1UITests.xctest */ = {isa = PBXFileReference; explicitFileType = wrapper.cfbundle; includeInIndex = 0; path = ostagram_v1UITests.xctest; sourceTree = BUILT_PRODUCTS_DIR; };
		347C373F24840CB200139736 /* ostagram_v1UITests.swift */ = {isa = PBXFileReference; lastKnownFileType = sourcecode.swift; path = ostagram_v1UITests.swift; sourceTree = "<group>"; };
		347C374124840CB200139736 /* Info.plist */ = {isa = PBXFileReference; lastKnownFileType = text.plist.xml; path = Info.plist; sourceTree = "<group>"; };
/* End PBXFileReference section */

/* Begin PBXFrameworksBuildPhase section */
		347C371424840CAF00139736 /* Frameworks */ = {
			isa = PBXFrameworksBuildPhase;
			buildActionMask = 2147483647;
			files = (
			);
			runOnlyForDeploymentPostprocessing = 0;
		};
		347C372D24840CB200139736 /* Frameworks */ = {
			isa = PBXFrameworksBuildPhase;
			buildActionMask = 2147483647;
			files = (
			);
			runOnlyForDeploymentPostprocessing = 0;
		};
		347C373824840CB200139736 /* Frameworks */ = {
			isa = PBXFrameworksBuildPhase;
			buildActionMask = 2147483647;
			files = (
			);
			runOnlyForDeploymentPostprocessing = 0;
		};
/* End PBXFrameworksBuildPhase section */

/* Begin PBXGroup section */
		347C370E24840CAF00139736 = {
			isa = PBXGroup;
			children = (
				347C371924840CAF00139736 /* ostagram_v1 */,
				347C373324840CB200139736 /* ostagram_v1Tests */,
				347C373E24840CB200139736 /* ostagram_v1UITests */,
				347C371824840CAF00139736 /* Products */,
			);
			sourceTree = "<group>";
		};
		347C371824840CAF00139736 /* Products */ = {
			isa = PBXGroup;
			children = (
				347C371724840CAF00139736 /* ostagram_v1.app */,
				347C373024840CB200139736 /* ostagram_v1Tests.xctest */,
				347C373B24840CB200139736 /* ostagram_v1UITests.xctest */,
			);
			name = Products;
			sourceTree = "<group>";
		};
		347C371924840CAF00139736 /* ostagram_v1 */ = {
			isa = PBXGroup;
			children = (
				347C371A24840CAF00139736 /* AppDelegate.swift */,
				347C371C24840CAF00139736 /* SceneDelegate.swift */,
				347C371E24840CAF00139736 /* ViewController.swift */,
				347C372024840CAF00139736 /* Main.storyboard */,
				347C372624840CB100139736 /* Assets.xcassets */,
				347C372824840CB100139736 /* LaunchScreen.storyboard */,
				347C372B24840CB100139736 /* Info.plist */,
				347C372324840CAF00139736 /* ostagram_v1.xcdatamodeld */,
			);
			path = ostagram_v1;
			sourceTree = "<group>";
		};
		347C373324840CB200139736 /* ostagram_v1Tests */ = {
			isa = PBXGroup;
			children = (
				347C373424840CB200139736 /* ostagram_v1Tests.swift */,
				347C373624840CB200139736 /* Info.plist */,
			);
			path = ostagram_v1Tests;
			sourceTree = "<group>";
		};
		347C373E24840CB200139736 /* ostagram_v1UITests */ = {
			isa = PBXGroup;
			children = (
				347C373F24840CB200139736 /* ostagram_v1UITests.swift */,
				347C374124840CB200139736 /* Info.plist */,
			);
			path = ostagram_v1UITests;
			sourceTree = "<group>";
		};
/* End PBXGroup section */

/* Begin PBXNativeTarget section */
		347C371624840CAF00139736 /* ostagram_v1 */ = {
			isa = PBXNativeTarget;
			buildConfigurationList = 347C374424840CB200139736 /* Build configuration list for PBXNativeTarget "ostagram_v1" */;
			buildPhases = (
				347C371324840CAF00139736 /* Sources */,
				347C371424840CAF00139736 /* Frameworks */,
				347C371524840CAF00139736 /* Resources */,
			);
			buildRules = (
			);
			dependencies = (
			);
			name = ostagram_v1;
			productName = ostagram_v1;
			productReference = 347C371724840CAF00139736 /* ostagram_v1.app */;
			productType = "com.apple.product-type.application";
		};
		347C372F24840CB200139736 /* ostagram_v1Tests */ = {
			isa = PBXNativeTarget;
			buildConfigurationList = 347C374724840CB200139736 /* Build configuration list for PBXNativeTarget "ostagram_v1Tests" */;
			buildPhases = (
				347C372C24840CB200139736 /* Sources */,
				347C372D24840CB200139736 /* Frameworks */,
				347C372E24840CB200139736 /* Resources */,
			);
			buildRules = (
			);
			dependencies = (
				347C373224840CB200139736 /* PBXTargetDependency */,
			);
			name = ostagram_v1Tests;
			productName = ostagram_v1Tests;
			productReference = 347C373024840CB200139736 /* ostagram_v1Tests.xctest */;
			productType = "com.apple.product-type.bundle.unit-test";
		};
		347C373A24840CB200139736 /* ostagram_v1UITests */ = {
			isa = PBXNativeTarget;
			buildConfigurationList = 347C374A24840CB200139736 /* Build configuration list for PBXNativeTarget "ostagram_v1UITests" */;
			buildPhases = (
				347C373724840CB200139736 /* Sources */,
				347C373824840CB200139736 /* Frameworks */,
				347C373924840CB200139736 /* Resources */,
			);
			buildRules = (
			);
			dependencies = (
				347C373D24840CB200139736 /* PBXTargetDependency */,
			);
			name = ostagram_v1UITests;
			productName = ostagram_v1UITests;
			productReference = 347C373B24840CB200139736 /* ostagram_v1UITests.xctest */;
			productType = "com.apple.product-type.bundle.ui-testing";
		};
/* End PBXNativeTarget section */

/* Begin PBXProject section */
		347C370F24840CAF00139736 /* Project object */ = {
			isa = PBXProject;
			attributes = {
				LastSwiftUpdateCheck = 1140;
				LastUpgradeCheck = 1140;
				ORGANIZATIONNAME = "Ostagram Inc.";
				TargetAttributes = {
					347C371624840CAF00139736 = {
						CreatedOnToolsVersion = 11.4.1;
					};
					347C372F24840CB200139736 = {
						CreatedOnToolsVersion = 11.4.1;
						TestTargetID = 347C371624840CAF00139736;
					};
					347C373A24840CB200139736 = {
						CreatedOnToolsVersion = 11.4.1;
						TestTargetID = 347C371624840CAF00139736;
					};
				};
			};
			buildConfigurationList = 347C371224840CAF00139736 /* Build configuration list for PBXProject "ostagram_v1" */;
			compatibilityVersion = "Xcode 9.3";
			developmentRegion = en;
			hasScannedForEncodings = 0;
			knownRegions = (
				en,
				Base,
			);
			mainGroup = 347C370E24840CAF00139736;
			productRefGroup = 347C371824840CAF00139736 /* Products */;
			projectDirPath = "";
			projectRoot = "";
			targets = (
				347C371624840CAF00139736 /* ostagram_v1 */,
				347C372F24840CB200139736 /* ostagram_v1Tests */,
				347C373A24840CB200139736 /* ostagram_v1UITests */,
			);
		};
/* End PBXProject section */

/* Begin PBXResourcesBuildPhase section */
		347C371524840CAF00139736 /* Resources */ = {
			isa = PBXResourcesBuildPhase;
			buildActionMask = 2147483647;
			files = (
				347C372A24840CB100139736 /* LaunchScreen.storyboard in Resources */,
				347C372724840CB100139736 /* Assets.xcassets in Resources */,
				347C372224840CAF00139736 /* Main.storyboard in Resources */,
			);
			runOnlyForDeploymentPostprocessing = 0;
		};
		347C372E24840CB200139736 /* Resources */ = {
			isa = PBXResourcesBuildPhase;
			buildActionMask = 2147483647;
			files = (
			);
			runOnlyForDeploymentPostprocessing = 0;
		};
		347C373924840CB200139736 /* Resources */ = {
			isa = PBXResourcesBuildPhase;
			buildActionMask = 2147483647;
			files = (
			);
			runOnlyForDeploymentPostprocessing = 0;
		};
/* End PBXResourcesBuildPhase section */

/* Begin PBXSourcesBuildPhase section */
		347C371324840CAF00139736 /* Sources */ = {
			isa = PBXSourcesBuildPhase;
			buildActionMask = 2147483647;
			files = (
				347C372524840CAF00139736 /* ostagram_v1.xcdatamodeld in Sources */,
				347C371F24840CAF00139736 /* ViewController.swift in Sources */,
				347C371B24840CAF00139736 /* AppDelegate.swift in Sources */,
				347C371D24840CAF00139736 /* SceneDelegate.swift in Sources */,
			);
			runOnlyForDeploymentPostprocessing = 0;
		};
		347C372C24840CB200139736 /* Sources */ = {
			isa = PBXSourcesBuildPhase;
			buildActionMask = 2147483647;
			files = (
				347C373524840CB200139736 /* ostagram_v1Tests.swift in Sources */,
			);
			runOnlyForDeploymentPostprocessing = 0;
		};
		347C373724840CB200139736 /* Sources */ = {
			isa = PBXSourcesBuildPhase;
			buildActionMask = 2147483647;
			files = (
				347C374024840CB200139736 /* ostagram_v1UITests.swift in Sources */,
			);
			runOnlyForDeploymentPostprocessing = 0;
		};
/* End PBXSourcesBuildPhase section */

/* Begin PBXTargetDependency section */
		347C373224840CB200139736 /* PBXTargetDependency */ = {
			isa = PBXTargetDependency;
			target = 347C371624840CAF00139736 /* ostagram_v1 */;
			targetProxy = 347C373124840CB200139736 /* PBXContainerItemProxy */;
		};
		347C373D24840CB200139736 /* PBXTargetDependency */ = {
			isa = PBXTargetDependency;
			target = 347C371624840CAF00139736 /* ostagram_v1 */;
			targetProxy = 347C373C24840CB200139736 /* PBXContainerItemProxy */;
		};
/* End PBXTargetDependency section */

/* Begin PBXVariantGroup section */
		347C372024840CAF00139736 /* Main.storyboard */ = {
			isa = PBXVariantGroup;
			children = (
				347C372124840CAF00139736 /* Base */,
			);
			name = Main.storyboard;
			sourceTree = "<group>";
		};
		347C372824840CB100139736 /* LaunchScreen.storyboard */ = {
			isa = PBXVariantGroup;
			children = (
				347C372924840CB100139736 /* Base */,
			);
			name = LaunchScreen.storyboard;
			sourceTree = "<group>";
		};
/* End PBXVariantGroup section */

/* Begin XCBuildConfiguration section */
		347C374224840CB200139736 /* Debug */ = {
			isa = XCBuildConfiguration;
			buildSettings = {
				ALWAYS_SEARCH_USER_PATHS = NO;
				CLANG_ANALYZER_NONNULL = YES;
				CLANG_ANALYZER_NUMBER_OBJECT_CONVERSION = YES_AGGRESSIVE;
				CLANG_CXX_LANGUAGE_STANDARD = "gnu++14";
				CLANG_CXX_LIBRARY = "libc++";
				CLANG_ENABLE_MODULES = YES;
				CLANG_ENABLE_OBJC_ARC = YES;
				CLANG_ENABLE_OBJC_WEAK = YES;
				CLANG_WARN_BLOCK_CAPTURE_AUTORELEASING = YES;
				CLANG_WARN_BOOL_CONVERSION = YES;
				CLANG_WARN_COMMA = YES;
				CLANG_WARN_CONSTANT_CONVERSION = YES;
				CLANG_WARN_DEPRECATED_OBJC_IMPLEMENTATIONS = YES;
				CLANG_WARN_DIRECT_OBJC_ISA_USAGE = YES_ERROR;
				CLANG_WARN_DOCUMENTATION_COMMENTS = YES;
				CLANG_WARN_EMPTY_BODY = YES;
				CLANG_WARN_ENUM_CONVERSION = YES;
				CLANG_WARN_INFINITE_RECURSION = YES;
				CLANG_WARN_INT_CONVERSION = YES;
				CLANG_WARN_NON_LITERAL_NULL_CONVERSION = YES;
				CLANG_WARN_OBJC_IMPLICIT_RETAIN_SELF = YES;
				CLANG_WARN_OBJC_LITERAL_CONVERSION = YES;
				CLANG_WARN_OBJC_ROOT_CLASS = YES_ERROR;
				CLANG_WARN_RANGE_LOOP_ANALYSIS = YES;
				CLANG_WARN_STRICT_PROTOTYPES = YES;
				CLANG_WARN_SUSPICIOUS_MOVE = YES;
				CLANG_WARN_UNGUARDED_AVAILABILITY = YES_AGGRESSIVE;
				CLANG_WARN_UNREACHABLE_CODE = YES;
				CLANG_WARN__DUPLICATE_METHOD_MATCH = YES;
				COPY_PHASE_STRIP = NO;
				DEBUG_INFORMATION_FORMAT = dwarf;
				ENABLE_STRICT_OBJC_MSGSEND = YES;
				ENABLE_TESTABILITY = YES;
				GCC_C_LANGUAGE_STANDARD = gnu11;
				GCC_DYNAMIC_NO_PIC = NO;
				GCC_NO_COMMON_BLOCKS = YES;
				GCC_OPTIMIZATION_LEVEL = 0;
				GCC_PREPROCESSOR_DEFINITIONS = (
					"DEBUG=1",
					"$(inherited)",
				);
				GCC_WARN_64_TO_32_BIT_CONVERSION = YES;
				GCC_WARN_ABOUT_RETURN_TYPE = YES_ERROR;
				GCC_WARN_UNDECLARED_SELECTOR = YES;
				GCC_WARN_UNINITIALIZED_AUTOS = YES_AGGRESSIVE;
				GCC_WARN_UNUSED_FUNCTION = YES;
				GCC_WARN_UNUSED_VARIABLE = YES;
				IPHONEOS_DEPLOYMENT_TARGET = 13.4;
				MTL_ENABLE_DEBUG_INFO = INCLUDE_SOURCE;
				MTL_FAST_MATH = YES;
				ONLY_ACTIVE_ARCH = YES;
				SDKROOT = iphoneos;
				SWIFT_ACTIVE_COMPILATION_CONDITIONS = DEBUG;
				SWIFT_OPTIMIZATION_LEVEL = "-Onone";
			};
			name = Debug;
		};
		347C374324840CB200139736 /* Release */ = {
			isa = XCBuildConfiguration;
			buildSettings = {
				ALWAYS_SEARCH_USER_PATHS = NO;
				CLANG_ANALYZER_NONNULL = YES;
				CLANG_ANALYZER_NUMBER_OBJECT_CONVERSION = YES_AGGRESSIVE;
				CLANG_CXX_LANGUAGE_STANDARD = "gnu++14";
				CLANG_CXX_LIBRARY = "libc++";
				CLANG_ENABLE_MODULES = YES;
				CLANG_ENABLE_OBJC_ARC = YES;
				CLANG_ENABLE_OBJC_WEAK = YES;
				CLANG_WARN_BLOCK_CAPTURE_AUTORELEASING = YES;
				CLANG_WARN_BOOL_CONVERSION = YES;
				CLANG_WARN_COMMA = YES;
				CLANG_WARN_CONSTANT_CONVERSION = YES;
				CLANG_WARN_DEPRECATED_OBJC_IMPLEMENTATIONS = YES;
				CLANG_WARN_DIRECT_OBJC_ISA_USAGE = YES_ERROR;
				CLANG_WARN_DOCUMENTATION_COMMENTS = YES;
				CLANG_WARN_EMPTY_BODY = YES;
				CLANG_WARN_ENUM_CONVERSION = YES;
				CLANG_WARN_INFINITE_RECURSION = YES;
				CLANG_WARN_INT_CONVERSION = YES;
				CLANG_WARN_NON_LITERAL_NULL_CONVERSION = YES;
				CLANG_WARN_OBJC_IMPLICIT_RETAIN_SELF = YES;
				CLANG_WARN_OBJC_LITERAL_CONVERSION = YES;
				CLANG_WARN_OBJC_ROOT_CLASS = YES_ERROR;
				CLANG_WARN_RANGE_LOOP_ANALYSIS = YES;
				CLANG_WARN_STRICT_PROTOTYPES = YES;
				CLANG_WARN_SUSPICIOUS_MOVE = YES;
				CLANG_WARN_UNGUARDED_AVAILABILITY = YES_AGGRESSIVE;
				CLANG_WARN_UNREACHABLE_CODE = YES;
				CLANG_WARN__DUPLICATE_METHOD_MATCH = YES;
				COPY_PHASE_STRIP = NO;
				DEBUG_INFORMATION_FORMAT = "dwarf-with-dsym";
				ENABLE_NS_ASSERTIONS = NO;
				ENABLE_STRICT_OBJC_MSGSEND = YES;
				GCC_C_LANGUAGE_STANDARD = gnu11;
				GCC_NO_COMMON_BLOCKS = YES;
				GCC_WARN_64_TO_32_BIT_CONVERSION = YES;
				GCC_WARN_ABOUT_RETURN_TYPE = YES_ERROR;
				GCC_WARN_UNDECLARED_SELECTOR = YES;
				GCC_WARN_UNINITIALIZED_AUTOS = YES_AGGRESSIVE;
				GCC_WARN_UNUSED_FUNCTION = YES;
				GCC_WARN_UNUSED_VARIABLE = YES;
				IPHONEOS_DEPLOYMENT_TARGET = 13.4;
				MTL_ENABLE_DEBUG_INFO = NO;
				MTL_FAST_MATH = YES;
				SDKROOT = iphoneos;
				SWIFT_COMPILATION_MODE = wholemodule;
				SWIFT_OPTIMIZATION_LEVEL = "-O";
				VALIDATE_PRODUCT = YES;
			};
			name = Release;
		};
		347C374524840CB200139736 /* Debug */ = {
			isa = XCBuildConfiguration;
			buildSettings = {
				ASSETCATALOG_COMPILER_APPICON_NAME = AppIcon;
				CODE_SIGN_STYLE = Automatic;
				DEVELOPMENT_TEAM = GRAL3CBVS6;
				INFOPLIST_FILE = ostagram_v1/Info.plist;
				IPHONEOS_DEPLOYMENT_TARGET = 11.0;
				LD_RUNPATH_SEARCH_PATHS = (
					"$(inherited)",
					"@executable_path/Frameworks",
				);
				PRODUCT_BUNDLE_IDENTIFIER = "Ostagram.ostagram-v1";
				PRODUCT_NAME = "$(TARGET_NAME)";
				SWIFT_VERSION = 5.0;
				TARGETED_DEVICE_FAMILY = "1,2";
			};
			name = Debug;
		};
		347C374624840CB200139736 /* Release */ = {
			isa = XCBuildConfiguration;
			buildSettings = {
				ASSETCATALOG_COMPILER_APPICON_NAME = AppIcon;
				CODE_SIGN_STYLE = Automatic;
				DEVELOPMENT_TEAM = GRAL3CBVS6;
				INFOPLIST_FILE = ostagram_v1/Info.plist;
				IPHONEOS_DEPLOYMENT_TARGET = 11.0;
				LD_RUNPATH_SEARCH_PATHS = (
					"$(inherited)",
					"@executable_path/Frameworks",
				);
				PRODUCT_BUNDLE_IDENTIFIER = "Ostagram.ostagram-v1";
				PRODUCT_NAME = "$(TARGET_NAME)";
				SWIFT_VERSION = 5.0;
				TARGETED_DEVICE_FAMILY = "1,2";
			};
			name = Release;
		};
		347C374824840CB200139736 /* Debug */ = {
			isa = XCBuildConfiguration;
			buildSettings = {
				ALWAYS_EMBED_SWIFT_STANDARD_LIBRARIES = YES;
				BUNDLE_LOADER = "$(TEST_HOST)";
				CODE_SIGN_STYLE = Automatic;
				DEVELOPMENT_TEAM = GRAL3CBVS6;
				INFOPLIST_FILE = ostagram_v1Tests/Info.plist;
				IPHONEOS_DEPLOYMENT_TARGET = 13.4;
				LD_RUNPATH_SEARCH_PATHS = (
					"$(inherited)",
					"@executable_path/Frameworks",
					"@loader_path/Frameworks",
				);
				PRODUCT_BUNDLE_IDENTIFIER = "Ostagram.ostagram-v1Tests";
				PRODUCT_NAME = "$(TARGET_NAME)";
				SWIFT_VERSION = 5.0;
				TARGETED_DEVICE_FAMILY = "1,2";
				TEST_HOST = "$(BUILT_PRODUCTS_DIR)/ostagram_v1.app/ostagram_v1";
			};
			name = Debug;
		};
		347C374924840CB200139736 /* Release */ = {
			isa = XCBuildConfiguration;
			buildSettings = {
				ALWAYS_EMBED_SWIFT_STANDARD_LIBRARIES = YES;
				BUNDLE_LOADER = "$(TEST_HOST)";
				CODE_SIGN_STYLE = Automatic;
				DEVELOPMENT_TEAM = GRAL3CBVS6;
				INFOPLIST_FILE = ostagram_v1Tests/Info.plist;
				IPHONEOS_DEPLOYMENT_TARGET = 13.4;
				LD_RUNPATH_SEARCH_PATHS = (
					"$(inherited)",
					"@executable_path/Frameworks",
					"@loader_path/Frameworks",
				);
				PRODUCT_BUNDLE_IDENTIFIER = "Ostagram.ostagram-v1Tests";
				PRODUCT_NAME = "$(TARGET_NAME)";
				SWIFT_VERSION = 5.0;
				TARGETED_DEVICE_FAMILY = "1,2";
				TEST_HOST = "$(BUILT_PRODUCTS_DIR)/ostagram_v1.app/ostagram_v1";
			};
			name = Release;
		};
		347C374B24840CB200139736 /* Debug */ = {
			isa = XCBuildConfiguration;
			buildSettings = {
				ALWAYS_EMBED_SWIFT_STANDARD_LIBRARIES = YES;
				CODE_SIGN_STYLE = Automatic;
				DEVELOPMENT_TEAM = GRAL3CBVS6;
				INFOPLIST_FILE = ostagram_v1UITests/Info.plist;
				LD_RUNPATH_SEARCH_PATHS = (
					"$(inherited)",
					"@executable_path/Frameworks",
					"@loader_path/Frameworks",
				);
				PRODUCT_BUNDLE_IDENTIFIER = "Ostagram.ostagram-v1UITests";
				PRODUCT_NAME = "$(TARGET_NAME)";
				SWIFT_VERSION = 5.0;
				TARGETED_DEVICE_FAMILY = "1,2";
				TEST_TARGET_NAME = ostagram_v1;
			};
			name = Debug;
		};
		347C374C24840CB200139736 /* Release */ = {
			isa = XCBuildConfiguration;
			buildSettings = {
				ALWAYS_EMBED_SWIFT_STANDARD_LIBRARIES = YES;
				CODE_SIGN_STYLE = Automatic;
				DEVELOPMENT_TEAM = GRAL3CBVS6;
				INFOPLIST_FILE = ostagram_v1UITests/Info.plist;
				LD_RUNPATH_SEARCH_PATHS = (
					"$(inherited)",
					"@executable_path/Frameworks",
					"@loader_path/Frameworks",
				);
				PRODUCT_BUNDLE_IDENTIFIER = "Ostagram.ostagram-v1UITests";
				PRODUCT_NAME = "$(TARGET_NAME)";
				SWIFT_VERSION = 5.0;
				TARGETED_DEVICE_FAMILY = "1,2";
				TEST_TARGET_NAME = ostagram_v1;
			};
			name = Release;
		};
/* End XCBuildConfiguration section */

/* Begin XCConfigurationList section */
		347C371224840CAF00139736 /* Build configuration list for PBXProject "ostagram_v1" */ = {
			isa = XCConfigurationList;
			buildConfigurations = (
				347C374224840CB200139736 /* Debug */,
				347C374324840CB200139736 /* Release */,
			);
			defaultConfigurationIsVisible = 0;
			defaultConfigurationName = Release;
		};
		347C374424840CB200139736 /* Build configuration list for PBXNativeTarget "ostagram_v1" */ = {
			isa = XCConfigurationList;
			buildConfigurations = (
				347C374524840CB200139736 /* Debug */,
				347C374624840CB200139736 /* Release */,
			);
			defaultConfigurationIsVisible = 0;
			defaultConfigurationName = Release;
		};
		347C374724840CB200139736 /* Build configuration list for PBXNativeTarget "ostagram_v1Tests" */ = {
			isa = XCConfigurationList;
			buildConfigurations = (
				347C374824840CB200139736 /* Debug */,
				347C374924840CB200139736 /* Release */,
			);
			defaultConfigurationIsVisible = 0;
			defaultConfigurationName = Release;
		};
		347C374A24840CB200139736 /* Build configuration list for PBXNativeTarget "ostagram_v1UITests" */ = {
			isa = XCConfigurationList;
			buildConfigurations = (
				347C374B24840CB200139736 /* Debug */,
				347C374C24840CB200139736 /* Release */,
			);
			defaultConfigurationIsVisible = 0;
			defaultConfigurationName = Release;
		};
/* End XCConfigurationList section */

/* Begin XCVersionGroup section */
		347C372324840CAF00139736 /* ostagram_v1.xcdatamodeld */ = {
			isa = XCVersionGroup;
			children = (
				347C372424840CAF00139736 /* ostagram_v1.xcdatamodel */,
			);
			currentVersion = 347C372424840CAF00139736 /* ostagram_v1.xcdatamodel */;
			path = ostagram_v1.xcdatamodeld;
			sourceTree = "<group>";
			versionGroupType = wrapper.xcdatamodel;
		};
/* End XCVersionGroup section */
	};
	rootObject = 347C370F24840CAF00139736 /* Project object */;
}
